
Microsoft Visual Studio Solution File, Format Version 12.00
# Visual Studio Version 17
VisualStudioVersion = 17.14.36301.6 d17.14
MinimumVisualStudioVersion = 10.0.40219.1
Project("{8BC9CEB8-8B4A-11D0-8D11-00A0C91BC942}") = "FileHandling", "FileHandling\FileHandling.vcxproj", "{B9604EE5-D5A0-41B3-B784-6BE4C4259852}"
EndProject
Global
	GlobalSection(SolutionConfigurationPlatforms) = preSolution
		Debug|x64 = Debug|x64
		Debug|x86 = Debug|x86
		Release|x64 = Release|x64
		Release|x86 = Release|x86
	EndGlobalSection
	GlobalSection(ProjectConfigurationPlatforms) = postSolution
		{B9604EE5-D5A0-41B3-B784-6BE4C4259852}.Debug|x64.ActiveCfg = Debug|x64
		{B9604EE5-D5A0-41B3-B784-6BE4C4259852}.Debug|x64.Build.0 = Debug|x64
		{B9604EE5-D5A0-41B3-B784-6BE4C4259852}.Debug|x86.ActiveCfg = Debug|Win32
		{B9604EE5-D5A0-41B3-B784-6BE4C4259852}.Debug|x86.Build.0 = Debug|Win32
		{B9604EE5-D5A0-41B3-B784-6BE4C4259852}.Release|x64.ActiveCfg = Release|x64
		{B9604EE5-D5A0-41B3-B784-6BE4C4259852}.Release|x64.Build.0 = Release|x64
		{B9604EE5-D5A0-41B3-B784-6BE4C4259852}.Release|x86.ActiveCfg = Release|Win32
		{B9604EE5-D5A0-41B3-B784-6BE4C4259852}.Release|x86.Build.0 = Release|Win32
	EndGlobalSection
	GlobalSection(SolutionProperties) = preSolution
		HideSolutionNode = FALSE
	EndGlobalSection
	GlobalSection(ExtensibilityGlobals) = postSolution
		SolutionGuid = {28E2E01C-AF8F-49F6-A6F4-D6F4749E37ED}
	EndGlobalSection
EndGlobal
